PODS:
  - Dropbox-Sync-API-SDK (3.1.0)
  - ReactiveCocoa (2.3.1):
    - ReactiveCocoa/UI
  - ReactiveCocoa/Core (2.3.1):
    - ReactiveCocoa/no-arc
  - ReactiveCocoa/no-arc (2.3.1)
  - ReactiveCocoa/UI (2.3.1):
    - ReactiveCocoa/Core

DEPENDENCIES:
  - Dropbox-Sync-API-SDK
  - ReactiveCocoa

SPEC CHECKSUMS:
  Dropbox-Sync-API-SDK: 41f973bd5b29f234fdca91e66066a52c4f98b4ad
  ReactiveCocoa: dca75777b9d18990c8714a3a6f2149f29b4d1462

COCOAPODS: 0.34.1
