PODS:
  - Dropbox-Sync-API-SDK (3.1.1)
  - ReactiveCocoa (2.3.1):
    - ReactiveCocoa/UI
  - ReactiveCocoa/Core (2.3.1):
    - ReactiveCocoa/no-arc
  - ReactiveCocoa/no-arc (2.3.1)
  - ReactiveCocoa/UI (2.3.1):
    - ReactiveCocoa/Core
  - ZeroPush (2.0.2)

DEPENDENCIES:
  - Dropbox-Sync-API-SDK
  - ReactiveCocoa
  - ZeroPush

SPEC CHECKSUMS:
  Dropbox-Sync-API-SDK: 503de85fc9397f2f8e30c70c71ed7707aa9d70c1
  ReactiveCocoa: dca75777b9d18990c8714a3a6f2149f29b4d1462
  ZeroPush: 49e1741405ecda1147d0fee9f19bc7f2bb339622

COCOAPODS: 0.34.1
