// !$*UTF8*$!
{
	archiveVersion = 1;
	classes = {
	};
	objectVersion = 46;
	objects = {

/* Begin PBXBuildFile section */
		680FCD7919DF765F00FD3FA9 /* main.m in Sources */ = {isa = PBXBuildFile; fileRef = 680FCD7819DF765F00FD3FA9 /* main.m */; };
		680FCD7C19DF765F00FD3FA9 /* AppDelegate.m in Sources */ = {isa = PBXBuildFile; fileRef = 680FCD7B19DF765F00FD3FA9 /* AppDelegate.m */; };
		680FCD7F19DF765F00FD3FA9 /* ViewController.m in Sources */ = {isa = PBXBuildFile; fileRef = 680FCD7E19DF765F00FD3FA9 /* ViewController.m */; };
		680FCD8219DF765F00FD3FA9 /* Main.storyboard in Resources */ = {isa = PBXBuildFile; fileRef = 680FCD8019DF765F00FD3FA9 /* Main.storyboard */; };
		680FCD8419DF765F00FD3FA9 /* Images.xcassets in Resources */ = {isa = PBXBuildFile; fileRef = 680FCD8319DF765F00FD3FA9 /* Images.xcassets */; };
		680FCD8719DF765F00FD3FA9 /* LaunchScreen.xib in Resources */ = {isa = PBXBuildFile; fileRef = 680FCD8519DF765F00FD3FA9 /* LaunchScreen.xib */; };
		680FCD9319DF765F00FD3FA9 /* TrayiOSTests.m in Sources */ = {isa = PBXBuildFile; fileRef = 680FCD9219DF765F00FD3FA9 /* TrayiOSTests.m */; };
/* End PBXBuildFile section */

/* Begin PBXContainerItemProxy section */
		680FCD8D19DF765F00FD3FA9 /* PBXContainerItemProxy */ = {
			isa = PBXContainerItemProxy;
			containerPortal = 680FCD6B19DF765F00FD3FA9 /* Project object */;
			proxyType = 1;
			remoteGlobalIDString = 680FCD7219DF765F00FD3FA9;
			remoteInfo = TrayiOS;
		};
/* End PBXContainerItemProxy section */

/* Begin PBXFileReference section */
		680FCD7319DF765F00FD3FA9 /* TrayiOS.app */ = {isa = PBXFileReference; explicitFileType = wrapper.application; includeInIndex = 0; path = TrayiOS.app; sourceTree = BUILT_PRODUCTS_DIR; };
		680FCD7719DF765F00FD3FA9 /* Info.plist */ = {isa = PBXFileReference; lastKnownFileType = text.plist.xml; path = Info.plist; sourceTree = "<group>"; };
		680FCD7819DF765F00FD3FA9 /* main.m */ = {isa = PBXFileReference; lastKnownFileType = sourcecode.c.objc; path = main.m; sourceTree = "<group>"; };
		680FCD7A19DF765F00FD3FA9 /* AppDelegate.h */ = {isa = PBXFileReference; lastKnownFileType = sourcecode.c.h; path = AppDelegate.h; sourceTree = "<group>"; };
		680FCD7B19DF765F00FD3FA9 /* AppDelegate.m */ = {isa = PBXFileReference; lastKnownFileType = sourcecode.c.objc; path = AppDelegate.m; sourceTree = "<group>"; };
		680FCD7D19DF765F00FD3FA9 /* ViewController.h */ = {isa = PBXFileReference; lastKnownFileType = sourcecode.c.h; path = ViewController.h; sourceTree = "<group>"; };
		680FCD7E19DF765F00FD3FA9 /* ViewController.m */ = {isa = PBXFileReference; lastKnownFileType = sourcecode.c.objc; path = ViewController.m; sourceTree = "<group>"; };
		680FCD8119DF765F00FD3FA9 /* Base */ = {isa = PBXFileReference; lastKnownFileType = file.storyboard; name = Base; path = Base.lproj/Main.storyboard; sourceTree = "<group>"; };
		680FCD8319DF765F00FD3FA9 /* Images.xcassets */ = {isa = PBXFileReference; lastKnownFileType = folder.assetcatalog; path = Images.xcassets; sourceTree = "<group>"; };
		680FCD8619DF765F00FD3FA9 /* Base */ = {isa = PBXFileReference; lastKnownFileType = file.xib; name = Base; path = Base.lproj/LaunchScreen.xib; sourceTree = "<group>"; };
		680FCD8C19DF765F00FD3FA9 /* TrayiOSTests.xctest */ = {isa = PBXFileReference; explicitFileType = wrapper.cfbundle; includeInIndex = 0; path = TrayiOSTests.xctest; sourceTree = BUILT_PRODUCTS_DIR; };
		680FCD9119DF765F00FD3FA9 /* Info.plist */ = {isa = PBXFileReference; lastKnownFileType = text.plist.xml; path = Info.plist; sourceTree = "<group>"; };
		680FCD9219DF765F00FD3FA9 /* TrayiOSTests.m */ = {isa = PBXFileReference; lastKnownFileType = sourcecode.c.objc; path = TrayiOSTests.m; sourceTree = "<group>"; };
/* End PBXFileReference section */

/* Begin PBXFrameworksBuildPhase section */
		680FCD7019DF765F00FD3FA9 /* Frameworks */ = {
			isa = PBXFrameworksBuildPhase;
			buildActionMask = 2147483647;
			files = (
			);
			runOnlyForDeploymentPostprocessing = 0;
		};
		680FCD8919DF765F00FD3FA9 /* Frameworks */ = {
			isa = PBXFrameworksBuildPhase;
			buildActionMask = 2147483647;
			files = (
			);
			runOnlyForDeploymentPostprocessing = 0;
		};
/* End PBXFrameworksBuildPhase section */

/* Begin PBXGroup section */
		680FCD6A19DF765F00FD3FA9 = {
			isa = PBXGroup;
			children = (
				680FCD7519DF765F00FD3FA9 /* TrayiOS */,
				680FCD8F19DF765F00FD3FA9 /* TrayiOSTests */,
				680FCD7419DF765F00FD3FA9 /* Products */,
			);
			sourceTree = "<group>";
		};
		680FCD7419DF765F00FD3FA9 /* Products */ = {
			isa = PBXGroup;
			children = (
				680FCD7319DF765F00FD3FA9 /* TrayiOS.app */,
				680FCD8C19DF765F00FD3FA9 /* TrayiOSTests.xctest */,
			);
			name = Products;
			sourceTree = "<group>";
		};
		680FCD7519DF765F00FD3FA9 /* TrayiOS */ = {
			isa = PBXGroup;
			children = (
				680FCD7A19DF765F00FD3FA9 /* AppDelegate.h */,
				680FCD7B19DF765F00FD3FA9 /* AppDelegate.m */,
				680FCD7D19DF765F00FD3FA9 /* ViewController.h */,
				680FCD7E19DF765F00FD3FA9 /* ViewController.m */,
				680FCD8019DF765F00FD3FA9 /* Main.storyboard */,
				680FCD8319DF765F00FD3FA9 /* Images.xcassets */,
				680FCD8519DF765F00FD3FA9 /* LaunchScreen.xib */,
				680FCD7619DF765F00FD3FA9 /* Supporting Files */,
			);
			path = TrayiOS;
			sourceTree = "<group>";
		};
		680FCD7619DF765F00FD3FA9 /* Supporting Files */ = {
			isa = PBXGroup;
			children = (
				680FCD7719DF765F00FD3FA9 /* Info.plist */,
				680FCD7819DF765F00FD3FA9 /* main.m */,
			);
			name = "Supporting Files";
			sourceTree = "<group>";
		};
		680FCD8F19DF765F00FD3FA9 /* TrayiOSTests */ = {
			isa = PBXGroup;
			children = (
				680FCD9219DF765F00FD3FA9 /* TrayiOSTests.m */,
				680FCD9019DF765F00FD3FA9 /* Supporting Files */,
			);
			path = TrayiOSTests;
			sourceTree = "<group>";
		};
		680FCD9019DF765F00FD3FA9 /* Supporting Files */ = {
			isa = PBXGroup;
			children = (
				680FCD9119DF765F00FD3FA9 /* Info.plist */,
			);
			name = "Supporting Files";
			sourceTree = "<group>";
		};
/* End PBXGroup section */

/* Begin PBXNativeTarget section */
		680FCD7219DF765F00FD3FA9 /* TrayiOS */ = {
			isa = PBXNativeTarget;
			buildConfigurationList = 680FCD9619DF765F00FD3FA9 /* Build configuration list for PBXNativeTarget "TrayiOS" */;
			buildPhases = (
				680FCD6F19DF765F00FD3FA9 /* Sources */,
				680FCD7019DF765F00FD3FA9 /* Frameworks */,
				680FCD7119DF765F00FD3FA9 /* Resources */,
			);
			buildRules = (
			);
			dependencies = (
			);
			name = TrayiOS;
			productName = TrayiOS;
			productReference = 680FCD7319DF765F00FD3FA9 /* TrayiOS.app */;
			productType = "com.apple.product-type.application";
		};
		680FCD8B19DF765F00FD3FA9 /* TrayiOSTests */ = {
			isa = PBXNativeTarget;
			buildConfigurationList = 680FCD9919DF765F00FD3FA9 /* Build configuration list for PBXNativeTarget "TrayiOSTests" */;
			buildPhases = (
				680FCD8819DF765F00FD3FA9 /* Sources */,
				680FCD8919DF765F00FD3FA9 /* Frameworks */,
				680FCD8A19DF765F00FD3FA9 /* Resources */,
			);
			buildRules = (
			);
			dependencies = (
				680FCD8E19DF765F00FD3FA9 /* PBXTargetDependency */,
			);
			name = TrayiOSTests;
			productName = TrayiOSTests;
			productReference = 680FCD8C19DF765F00FD3FA9 /* TrayiOSTests.xctest */;
			productType = "com.apple.product-type.bundle.unit-test";
		};
/* End PBXNativeTarget section */

/* Begin PBXProject section */
		680FCD6B19DF765F00FD3FA9 /* Project object */ = {
			isa = PBXProject;
			attributes = {
				LastUpgradeCheck = 0600;
				TargetAttributes = {
					680FCD7219DF765F00FD3FA9 = {
						CreatedOnToolsVersion = 6.0.1;
					};
					680FCD8B19DF765F00FD3FA9 = {
						CreatedOnToolsVersion = 6.0.1;
						TestTargetID = 680FCD7219DF765F00FD3FA9;
					};
				};
			};
			buildConfigurationList = 680FCD6E19DF765F00FD3FA9 /* Build configuration list for PBXProject "TrayiOS" */;
			compatibilityVersion = "Xcode 3.2";
			developmentRegion = English;
			hasScannedForEncodings = 0;
			knownRegions = (
				en,
				Base,
			);
			mainGroup = 680FCD6A19DF765F00FD3FA9;
			productRefGroup = 680FCD7419DF765F00FD3FA9 /* Products */;
			projectDirPath = "";
			projectRoot = "";
			targets = (
				680FCD7219DF765F00FD3FA9 /* TrayiOS */,
				680FCD8B19DF765F00FD3FA9 /* TrayiOSTests */,
			);
		};
/* End PBXProject section */

/* Begin PBXResourcesBuildPhase section */
		680FCD7119DF765F00FD3FA9 /* Resources */ = {
			isa = PBXResourcesBuildPhase;
			buildActionMask = 2147483647;
			files = (
				680FCD8219DF765F00FD3FA9 /* Main.storyboard in Resources */,
				680FCD8719DF765F00FD3FA9 /* LaunchScreen.xib in Resources */,
				680FCD8419DF765F00FD3FA9 /* Images.xcassets in Resources */,
			);
			runOnlyForDeploymentPostprocessing = 0;
		};
		680FCD8A19DF765F00FD3FA9 /* Resources */ = {
			isa = PBXResourcesBuildPhase;
			buildActionMask = 2147483647;
			files = (
			);
			runOnlyForDeploymentPostprocessing = 0;
		};
/* End PBXResourcesBuildPhase section */

/* Begin PBXSourcesBuildPhase section */
		680FCD6F19DF765F00FD3FA9 /* Sources */ = {
			isa = PBXSourcesBuildPhase;
			buildActionMask = 2147483647;
			files = (
				680FCD7F19DF765F00FD3FA9 /* ViewController.m in Sources */,
				680FCD7C19DF765F00FD3FA9 /* AppDelegate.m in Sources */,
				680FCD7919DF765F00FD3FA9 /* main.m in Sources */,
			);
			runOnlyForDeploymentPostprocessing = 0;
		};
		680FCD8819DF765F00FD3FA9 /* Sources */ = {
			isa = PBXSourcesBuildPhase;
			buildActionMask = 2147483647;
			files = (
				680FCD9319DF765F00FD3FA9 /* TrayiOSTests.m in Sources */,
			);
			runOnlyForDeploymentPostprocessing = 0;
		};
/* End PBXSourcesBuildPhase section */

/* Begin PBXTargetDependency section */
		680FCD8E19DF765F00FD3FA9 /* PBXTargetDependency */ = {
			isa = PBXTargetDependency;
			target = 680FCD7219DF765F00FD3FA9 /* TrayiOS */;
			targetProxy = 680FCD8D19DF765F00FD3FA9 /* PBXContainerItemProxy */;
		};
/* End PBXTargetDependency section */

/* Begin PBXVariantGroup section */
		680FCD8019DF765F00FD3FA9 /* Main.storyboard */ = {
			isa = PBXVariantGroup;
			children = (
				680FCD8119DF765F00FD3FA9 /* Base */,
			);
			name = Main.storyboard;
			sourceTree = "<group>";
		};
		680FCD8519DF765F00FD3FA9 /* LaunchScreen.xib */ = {
			isa = PBXVariantGroup;
			children = (
				680FCD8619DF765F00FD3FA9 /* Base */,
			);
			name = LaunchScreen.xib;
			sourceTree = "<group>";
		};
/* End PBXVariantGroup section */

/* Begin XCBuildConfiguration section */
		680FCD9419DF765F00FD3FA9 /* Debug */ = {
			isa = XCBuildConfiguration;
			buildSettings = {
				ALWAYS_SEARCH_USER_PATHS = NO;
				CLANG_CXX_LANGUAGE_STANDARD = "gnu++0x";
				CLANG_CXX_LIBRARY = "libc++";
				CLANG_ENABLE_MODULES = YES;
				CLANG_ENABLE_OBJC_ARC = YES;
				CLANG_WARN_BOOL_CONVERSION = YES;
				CLANG_WARN_CONSTANT_CONVERSION = YES;
				CLANG_WARN_DIRECT_OBJC_ISA_USAGE = YES_ERROR;
				CLANG_WARN_EMPTY_BODY = YES;
				CLANG_WARN_ENUM_CONVERSION = YES;
				CLANG_WARN_INT_CONVERSION = YES;
				CLANG_WARN_OBJC_ROOT_CLASS = YES_ERROR;
				CLANG_WARN_UNREACHABLE_CODE = YES;
				CLANG_WARN__DUPLICATE_METHOD_MATCH = YES;
				"CODE_SIGN_IDENTITY[sdk=iphoneos*]" = "iPhone Developer";
				COPY_PHASE_STRIP = NO;
				ENABLE_STRICT_OBJC_MSGSEND = YES;
				GCC_C_LANGUAGE_STANDARD = gnu99;
				GCC_DYNAMIC_NO_PIC = NO;
				GCC_OPTIMIZATION_LEVEL = 0;
				GCC_PREPROCESSOR_DEFINITIONS = (
					"DEBUG=1",
					"$(inherited)",
				);
				GCC_SYMBOLS_PRIVATE_EXTERN = NO;
				GCC_WARN_64_TO_32_BIT_CONVERSION = YES;
				GCC_WARN_ABOUT_RETURN_TYPE = YES_ERROR;
				GCC_WARN_UNDECLARED_SELECTOR = YES;
				GCC_WARN_UNINITIALIZED_AUTOS = YES_AGGRESSIVE;
				GCC_WARN_UNUSED_FUNCTION = YES;
				GCC_WARN_UNUSED_VARIABLE = YES;
				IPHONEOS_DEPLOYMENT_TARGET = 8.0;
				MTL_ENABLE_DEBUG_INFO = YES;
				ONLY_ACTIVE_ARCH = YES;
				SDKROOT = iphoneos;
				TARGETED_DEVICE_FAMILY = "1,2";
			};
			name = Debug;
		};
		680FCD9519DF765F00FD3FA9 /* Release */ = {
			isa = XCBuildConfiguration;
			buildSettings = {
				ALWAYS_SEARCH_USER_PATHS = NO;
				CLANG_CXX_LANGUAGE_STANDARD = "gnu++0x";
				CLANG_CXX_LIBRARY = "libc++";
				CLANG_ENABLE_MODULES = YES;
				CLANG_ENABLE_OBJC_ARC = YES;
				CLANG_WARN_BOOL_CONVERSION = YES;
				CLANG_WARN_CONSTANT_CONVERSION = YES;
				CLANG_WARN_DIRECT_OBJC_ISA_USAGE = YES_ERROR;
				CLANG_WARN_EMPTY_BODY = YES;
				CLANG_WARN_ENUM_CONVERSION = YES;
				CLANG_WARN_INT_CONVERSION = YES;
				CLANG_WARN_OBJC_ROOT_CLASS = YES_ERROR;
				CLANG_WARN_UNREACHABLE_CODE = YES;
				CLANG_WARN__DUPLICATE_METHOD_MATCH = YES;
				"CODE_SIGN_IDENTITY[sdk=iphoneos*]" = "iPhone Developer";
				COPY_PHASE_STRIP = YES;
				ENABLE_NS_ASSERTIONS = NO;
				ENABLE_STRICT_OBJC_MSGSEND = YES;
				GCC_C_LANGUAGE_STANDARD = gnu99;
				GCC_WARN_64_TO_32_BIT_CONVERSION = YES;
				GCC_WARN_ABOUT_RETURN_TYPE = YES_ERROR;
				GCC_WARN_UNDECLARED_SELECTOR = YES;
				GCC_WARN_UNINITIALIZED_AUTOS = YES_AGGRESSIVE;
				GCC_WARN_UNUSED_FUNCTION = YES;
				GCC_WARN_UNUSED_VARIABLE = YES;
				IPHONEOS_DEPLOYMENT_TARGET = 8.0;
				MTL_ENABLE_DEBUG_INFO = NO;
				SDKROOT = iphoneos;
				TARGETED_DEVICE_FAMILY = "1,2";
				VALIDATE_PRODUCT = YES;
			};
			name = Release;
		};
		680FCD9719DF765F00FD3FA9 /* Debug */ = {
			isa = XCBuildConfiguration;
			buildSettings = {
				ASSETCATALOG_COMPILER_APPICON_NAME = AppIcon;
				INFOPLIST_FILE = TrayiOS/Info.plist;
				LD_RUNPATH_SEARCH_PATHS = "$(inherited) @executable_path/Frameworks";
				PRODUCT_NAME = "$(TARGET_NAME)";
			};
			name = Debug;
		};
		680FCD9819DF765F00FD3FA9 /* Release */ = {
			isa = XCBuildConfiguration;
			buildSettings = {
				ASSETCATALOG_COMPILER_APPICON_NAME = AppIcon;
				INFOPLIST_FILE = TrayiOS/Info.plist;
				LD_RUNPATH_SEARCH_PATHS = "$(inherited) @executable_path/Frameworks";
				PRODUCT_NAME = "$(TARGET_NAME)";
			};
			name = Release;
		};
		680FCD9A19DF765F00FD3FA9 /* Debug */ = {
			isa = XCBuildConfiguration;
			buildSettings = {
				BUNDLE_LOADER = "$(TEST_HOST)";
				FRAMEWORK_SEARCH_PATHS = (
					"$(SDKROOT)/Developer/Library/Frameworks",
					"$(inherited)",
				);
				GCC_PREPROCESSOR_DEFINITIONS = (
					"DEBUG=1",
					"$(inherited)",
				);
				INFOPLIST_FILE = TrayiOSTests/Info.plist;
				LD_RUNPATH_SEARCH_PATHS = "$(inherited) @executable_path/Frameworks @loader_path/Frameworks";
				PRODUCT_NAME = "$(TARGET_NAME)";
				TEST_HOST = "$(BUILT_PRODUCTS_DIR)/TrayiOS.app/TrayiOS";
			};
			name = Debug;
		};
		680FCD9B19DF765F00FD3FA9 /* Release */ = {
			isa = XCBuildConfiguration;
			buildSettings = {
				BUNDLE_LOADER = "$(TEST_HOST)";
				FRAMEWORK_SEARCH_PATHS = (
					"$(SDKROOT)/Developer/Library/Frameworks",
					"$(inherited)",
				);
				INFOPLIST_FILE = TrayiOSTests/Info.plist;
				LD_RUNPATH_SEARCH_PATHS = "$(inherited) @executable_path/Frameworks @loader_path/Frameworks";
				PRODUCT_NAME = "$(TARGET_NAME)";
				TEST_HOST = "$(BUILT_PRODUCTS_DIR)/TrayiOS.app/TrayiOS";
			};
			name = Release;
		};
/* End XCBuildConfiguration section */

/* Begin XCConfigurationList section */
		680FCD6E19DF765F00FD3FA9 /* Build configuration list for PBXProject "TrayiOS" */ = {
			isa = XCConfigurationList;
			buildConfigurations = (
				680FCD9419DF765F00FD3FA9 /* Debug */,
				680FCD9519DF765F00FD3FA9 /* Release */,
			);
			defaultConfigurationIsVisible = 0;
			defaultConfigurationName = Release;
		};
		680FCD9619DF765F00FD3FA9 /* Build configuration list for PBXNativeTarget "TrayiOS" */ = {
			isa = XCConfigurationList;
			buildConfigurations = (
				680FCD9719DF765F00FD3FA9 /* Debug */,
				680FCD9819DF765F00FD3FA9 /* Release */,
			);
			defaultConfigurationIsVisible = 0;
		};
		680FCD9919DF765F00FD3FA9 /* Build configuration list for PBXNativeTarget "TrayiOSTests" */ = {
			isa = XCConfigurationList;
			buildConfigurations = (
				680FCD9A19DF765F00FD3FA9 /* Debug */,
				680FCD9B19DF765F00FD3FA9 /* Release */,
			);
			defaultConfigurationIsVisible = 0;
		};
/* End XCConfigurationList section */
	};
	rootObject = 680FCD6B19DF765F00FD3FA9 /* Project object */;
}
