// !$*UTF8*$!
{
	archiveVersion = 1;
	classes = {
	};
	objectVersion = 46;
	objects = {

/* Begin PBXBuildFile section */
		680FCD7919DF765F00FD3FA9 /* main.m in Sources */ = {isa = PBXBuildFile; fileRef = 680FCD7819DF765F00FD3FA9 /* main.m */; };
		680FCD7C19DF765F00FD3FA9 /* AppDelegate.m in Sources */ = {isa = PBXBuildFile; fileRef = 680FCD7B19DF765F00FD3FA9 /* AppDelegate.m */; };
		680FCD8419DF765F00FD3FA9 /* Images.xcassets in Resources */ = {isa = PBXBuildFile; fileRef = 680FCD8319DF765F00FD3FA9 /* Images.xcassets */; };
		680FCD9319DF765F00FD3FA9 /* TrayiOSTests.m in Sources */ = {isa = PBXBuildFile; fileRef = 680FCD9219DF765F00FD3FA9 /* TrayiOSTests.m */; };
		680FCD9E19DF782D00FD3FA9 /* TrayItemsViewController.m in Sources */ = {isa = PBXBuildFile; fileRef = 680FCD9D19DF782D00FD3FA9 /* TrayItemsViewController.m */; };
		680FCDA119DF8E3200FD3FA9 /* TrayModel.m in Sources */ = {isa = PBXBuildFile; fileRef = 680FCDA019DF8E3200FD3FA9 /* TrayModel.m */; };
		680FCDA419DF993300FD3FA9 /* Default-568h@2x.png in Resources */ = {isa = PBXBuildFile; fileRef = 680FCDA319DF993300FD3FA9 /* Default-568h@2x.png */; };
		68C6FCC419E8D4EF00BFBF0A /* TrayTextViewController.m in Sources */ = {isa = PBXBuildFile; fileRef = 68C6FCC319E8D4EF00BFBF0A /* TrayTextViewController.m */; };
		68E2C7C619EBFFF20028B98A /* ActionRequestHandler.m in Sources */ = {isa = PBXBuildFile; fileRef = 68E2C7C519EBFFF20028B98A /* ActionRequestHandler.m */; };
		68E2C7C819EBFFF20028B98A /* Action.js in Resources */ = {isa = PBXBuildFile; fileRef = 68E2C7C719EBFFF20028B98A /* Action.js */; };
		68E2C7CB19EBFFF20028B98A /* TrayActionExtension.appex in Embed App Extensions */ = {isa = PBXBuildFile; fileRef = 68E2C7C019EBFFF20028B98A /* TrayActionExtension.appex */; settings = {ATTRIBUTES = (RemoveHeadersOnCopy, ); }; };
		68E2C7D219EC013B0028B98A /* TrayModel.m in Sources */ = {isa = PBXBuildFile; fileRef = 680FCDA019DF8E3200FD3FA9 /* TrayModel.m */; };
		78D5263025CFBB22C06A1AFE /* libPods-TrayActionExtension.a in Frameworks */ = {isa = PBXBuildFile; fileRef = 433A178878116F0036DA7A36 /* libPods-TrayActionExtension.a */; };
		8DF128573B597E19FF196A92 /* libPods-TrayiOS.a in Frameworks */ = {isa = PBXBuildFile; fileRef = 11D6389A536A8ACBBC34FB10 /* libPods-TrayiOS.a */; };
/* End PBXBuildFile section */

/* Begin PBXContainerItemProxy section */
		680FCD8D19DF765F00FD3FA9 /* PBXContainerItemProxy */ = {
			isa = PBXContainerItemProxy;
			containerPortal = 680FCD6B19DF765F00FD3FA9 /* Project object */;
			proxyType = 1;
			remoteGlobalIDString = 680FCD7219DF765F00FD3FA9;
			remoteInfo = TrayiOS;
		};
		68E2C7C919EBFFF20028B98A /* PBXContainerItemProxy */ = {
			isa = PBXContainerItemProxy;
			containerPortal = 680FCD6B19DF765F00FD3FA9 /* Project object */;
			proxyType = 1;
			remoteGlobalIDString = 68E2C7BF19EBFFF20028B98A;
			remoteInfo = ActionExtension;
		};
		68E2C7CC19EBFFF20028B98A /* PBXContainerItemProxy */ = {
			isa = PBXContainerItemProxy;
			containerPortal = 680FCD6B19DF765F00FD3FA9 /* Project object */;
			proxyType = 1;
			remoteGlobalIDString = 68E2C7BF19EBFFF20028B98A;
			remoteInfo = ActionExtension;
		};
/* End PBXContainerItemProxy section */

/* Begin PBXCopyFilesBuildPhase section */
		68E2C7D119EBFFF20028B98A /* Embed App Extensions */ = {
			isa = PBXCopyFilesBuildPhase;
			buildActionMask = 2147483647;
			dstPath = "";
			dstSubfolderSpec = 13;
			files = (
				68E2C7CB19EBFFF20028B98A /* TrayActionExtension.appex in Embed App Extensions */,
			);
			name = "Embed App Extensions";
			runOnlyForDeploymentPostprocessing = 0;
		};
/* End PBXCopyFilesBuildPhase section */

/* Begin PBXFileReference section */
		11D6389A536A8ACBBC34FB10 /* libPods-TrayiOS.a */ = {isa = PBXFileReference; explicitFileType = archive.ar; includeInIndex = 0; path = "libPods-TrayiOS.a"; sourceTree = BUILT_PRODUCTS_DIR; };
		433A178878116F0036DA7A36 /* libPods-TrayActionExtension.a */ = {isa = PBXFileReference; explicitFileType = archive.ar; includeInIndex = 0; path = "libPods-TrayActionExtension.a"; sourceTree = BUILT_PRODUCTS_DIR; };
		680897D619ED134800F6ADAC /* TrayActionExtension.entitlements */ = {isa = PBXFileReference; lastKnownFileType = text.xml; path = TrayActionExtension.entitlements; sourceTree = "<group>"; };
		680897D719ED135B00F6ADAC /* TrayiOS.entitlements */ = {isa = PBXFileReference; lastKnownFileType = text.xml; path = TrayiOS.entitlements; sourceTree = "<group>"; };
		680FCD7319DF765F00FD3FA9 /* TrayiOS.app */ = {isa = PBXFileReference; explicitFileType = wrapper.application; includeInIndex = 0; path = TrayiOS.app; sourceTree = BUILT_PRODUCTS_DIR; };
		680FCD7719DF765F00FD3FA9 /* Info.plist */ = {isa = PBXFileReference; lastKnownFileType = text.plist.xml; path = Info.plist; sourceTree = "<group>"; };
		680FCD7819DF765F00FD3FA9 /* main.m */ = {isa = PBXFileReference; lastKnownFileType = sourcecode.c.objc; path = main.m; sourceTree = "<group>"; };
		680FCD7A19DF765F00FD3FA9 /* AppDelegate.h */ = {isa = PBXFileReference; lastKnownFileType = sourcecode.c.h; path = AppDelegate.h; sourceTree = "<group>"; };
		680FCD7B19DF765F00FD3FA9 /* AppDelegate.m */ = {isa = PBXFileReference; lastKnownFileType = sourcecode.c.objc; path = AppDelegate.m; sourceTree = "<group>"; };
		680FCD8319DF765F00FD3FA9 /* Images.xcassets */ = {isa = PBXFileReference; lastKnownFileType = folder.assetcatalog; path = Images.xcassets; sourceTree = "<group>"; };
		680FCD8C19DF765F00FD3FA9 /* TrayiOSTests.xctest */ = {isa = PBXFileReference; explicitFileType = wrapper.cfbundle; includeInIndex = 0; path = TrayiOSTests.xctest; sourceTree = BUILT_PRODUCTS_DIR; };
		680FCD9119DF765F00FD3FA9 /* Info.plist */ = {isa = PBXFileReference; lastKnownFileType = text.plist.xml; path = Info.plist; sourceTree = "<group>"; };
		680FCD9219DF765F00FD3FA9 /* TrayiOSTests.m */ = {isa = PBXFileReference; lastKnownFileType = sourcecode.c.objc; path = TrayiOSTests.m; sourceTree = "<group>"; };
		680FCD9C19DF782D00FD3FA9 /* TrayItemsViewController.h */ = {isa = PBXFileReference; fileEncoding = 4; lastKnownFileType = sourcecode.c.h; path = TrayItemsViewController.h; sourceTree = "<group>"; };
		680FCD9D19DF782D00FD3FA9 /* TrayItemsViewController.m */ = {isa = PBXFileReference; fileEncoding = 4; lastKnownFileType = sourcecode.c.objc; path = TrayItemsViewController.m; sourceTree = "<group>"; };
		680FCD9F19DF8E3200FD3FA9 /* TrayModel.h */ = {isa = PBXFileReference; fileEncoding = 4; lastKnownFileType = sourcecode.c.h; path = TrayModel.h; sourceTree = "<group>"; };
		680FCDA019DF8E3200FD3FA9 /* TrayModel.m */ = {isa = PBXFileReference; fileEncoding = 4; lastKnownFileType = sourcecode.c.objc; path = TrayModel.m; sourceTree = "<group>"; };
		680FCDA219DF8FA500FD3FA9 /* Secrets.h */ = {isa = PBXFileReference; fileEncoding = 4; lastKnownFileType = sourcecode.c.h; path = Secrets.h; sourceTree = "<group>"; };
		680FCDA319DF993300FD3FA9 /* Default-568h@2x.png */ = {isa = PBXFileReference; lastKnownFileType = image.png; path = "Default-568h@2x.png"; sourceTree = "<group>"; };
		68C6FCC219E8D4EF00BFBF0A /* TrayTextViewController.h */ = {isa = PBXFileReference; fileEncoding = 4; lastKnownFileType = sourcecode.c.h; path = TrayTextViewController.h; sourceTree = "<group>"; };
		68C6FCC319E8D4EF00BFBF0A /* TrayTextViewController.m */ = {isa = PBXFileReference; fileEncoding = 4; lastKnownFileType = sourcecode.c.objc; path = TrayTextViewController.m; sourceTree = "<group>"; };
		68E2C7C019EBFFF20028B98A /* TrayActionExtension.appex */ = {isa = PBXFileReference; explicitFileType = "wrapper.app-extension"; includeInIndex = 0; path = TrayActionExtension.appex; sourceTree = BUILT_PRODUCTS_DIR; };
		68E2C7C319EBFFF20028B98A /* Info.plist */ = {isa = PBXFileReference; lastKnownFileType = text.plist.xml; path = Info.plist; sourceTree = "<group>"; };
		68E2C7C419EBFFF20028B98A /* ActionRequestHandler.h */ = {isa = PBXFileReference; lastKnownFileType = sourcecode.c.h; path = ActionRequestHandler.h; sourceTree = "<group>"; };
		68E2C7C519EBFFF20028B98A /* ActionRequestHandler.m */ = {isa = PBXFileReference; lastKnownFileType = sourcecode.c.objc; path = ActionRequestHandler.m; sourceTree = "<group>"; };
		68E2C7C719EBFFF20028B98A /* Action.js */ = {isa = PBXFileReference; lastKnownFileType = sourcecode.javascript; path = Action.js; sourceTree = "<group>"; };
		777AFCD859E50461CECE640D /* Pods-TrayActionExtension.release.xcconfig */ = {isa = PBXFileReference; includeInIndex = 1; lastKnownFileType = text.xcconfig; name = "Pods-TrayActionExtension.release.xcconfig"; path = "Pods/Target Support Files/Pods-TrayActionExtension/Pods-TrayActionExtension.release.xcconfig"; sourceTree = "<group>"; };
		CE473D21DE3EBCACA0EDAF40 /* Pods-TrayActionExtension.debug.xcconfig */ = {isa = PBXFileReference; includeInIndex = 1; lastKnownFileType = text.xcconfig; name = "Pods-TrayActionExtension.debug.xcconfig"; path = "Pods/Target Support Files/Pods-TrayActionExtension/Pods-TrayActionExtension.debug.xcconfig"; sourceTree = "<group>"; };
		EDC93E42F9AF380B4B48E1BA /* Pods-TrayiOS.debug.xcconfig */ = {isa = PBXFileReference; includeInIndex = 1; lastKnownFileType = text.xcconfig; name = "Pods-TrayiOS.debug.xcconfig"; path = "Pods/Target Support Files/Pods-TrayiOS/Pods-TrayiOS.debug.xcconfig"; sourceTree = "<group>"; };
		EFE9F07D5795D60BFA8BA296 /* Pods-TrayiOS.release.xcconfig */ = {isa = PBXFileReference; includeInIndex = 1; lastKnownFileType = text.xcconfig; name = "Pods-TrayiOS.release.xcconfig"; path = "Pods/Target Support Files/Pods-TrayiOS/Pods-TrayiOS.release.xcconfig"; sourceTree = "<group>"; };
/* End PBXFileReference section */

/* Begin PBXFrameworksBuildPhase section */
		680FCD7019DF765F00FD3FA9 /* Frameworks */ = {
			isa = PBXFrameworksBuildPhase;
			buildActionMask = 2147483647;
			files = (
				8DF128573B597E19FF196A92 /* libPods-TrayiOS.a in Frameworks */,
			);
			runOnlyForDeploymentPostprocessing = 0;
		};
		680FCD8919DF765F00FD3FA9 /* Frameworks */ = {
			isa = PBXFrameworksBuildPhase;
			buildActionMask = 2147483647;
			files = (
			);
			runOnlyForDeploymentPostprocessing = 0;
		};
		68E2C7BD19EBFFF20028B98A /* Frameworks */ = {
			isa = PBXFrameworksBuildPhase;
			buildActionMask = 2147483647;
			files = (
				78D5263025CFBB22C06A1AFE /* libPods-TrayActionExtension.a in Frameworks */,
			);
			runOnlyForDeploymentPostprocessing = 0;
		};
/* End PBXFrameworksBuildPhase section */

/* Begin PBXGroup section */
		19E1D4AEF200A8C2395ED665 /* Pods */ = {
			isa = PBXGroup;
			children = (
				EDC93E42F9AF380B4B48E1BA /* Pods-TrayiOS.debug.xcconfig */,
				EFE9F07D5795D60BFA8BA296 /* Pods-TrayiOS.release.xcconfig */,
				CE473D21DE3EBCACA0EDAF40 /* Pods-TrayActionExtension.debug.xcconfig */,
				777AFCD859E50461CECE640D /* Pods-TrayActionExtension.release.xcconfig */,
			);
			name = Pods;
			sourceTree = "<group>";
		};
		680FCD6A19DF765F00FD3FA9 = {
			isa = PBXGroup;
			children = (
				680897D619ED134800F6ADAC /* TrayActionExtension.entitlements */,
				680FCDA319DF993300FD3FA9 /* Default-568h@2x.png */,
				680FCD7519DF765F00FD3FA9 /* TrayiOS */,
				68E2C7C119EBFFF20028B98A /* ActionExtension */,
				680FCD8F19DF765F00FD3FA9 /* TrayiOSTests */,
				680FCD7419DF765F00FD3FA9 /* Products */,
				19E1D4AEF200A8C2395ED665 /* Pods */,
				EA212B0FB5A527BEB5437219 /* Frameworks */,
			);
			sourceTree = "<group>";
		};
		680FCD7419DF765F00FD3FA9 /* Products */ = {
			isa = PBXGroup;
			children = (
				680FCD7319DF765F00FD3FA9 /* TrayiOS.app */,
				680FCD8C19DF765F00FD3FA9 /* TrayiOSTests.xctest */,
				68E2C7C019EBFFF20028B98A /* TrayActionExtension.appex */,
			);
			name = Products;
			sourceTree = "<group>";
		};
		680FCD7519DF765F00FD3FA9 /* TrayiOS */ = {
			isa = PBXGroup;
			children = (
				680897D719ED135B00F6ADAC /* TrayiOS.entitlements */,
				680FCD7A19DF765F00FD3FA9 /* AppDelegate.h */,
				680FCD7B19DF765F00FD3FA9 /* AppDelegate.m */,
				680FCD9F19DF8E3200FD3FA9 /* TrayModel.h */,
				680FCDA019DF8E3200FD3FA9 /* TrayModel.m */,
				680FCDA219DF8FA500FD3FA9 /* Secrets.h */,
				680FCD9C19DF782D00FD3FA9 /* TrayItemsViewController.h */,
				680FCD9D19DF782D00FD3FA9 /* TrayItemsViewController.m */,
				68C6FCC219E8D4EF00BFBF0A /* TrayTextViewController.h */,
				68C6FCC319E8D4EF00BFBF0A /* TrayTextViewController.m */,
				680FCD8319DF765F00FD3FA9 /* Images.xcassets */,
				680FCD7619DF765F00FD3FA9 /* Supporting Files */,
			);
			path = TrayiOS;
			sourceTree = "<group>";
		};
		680FCD7619DF765F00FD3FA9 /* Supporting Files */ = {
			isa = PBXGroup;
			children = (
				680FCD7719DF765F00FD3FA9 /* Info.plist */,
				680FCD7819DF765F00FD3FA9 /* main.m */,
			);
			name = "Supporting Files";
			sourceTree = "<group>";
		};
		680FCD8F19DF765F00FD3FA9 /* TrayiOSTests */ = {
			isa = PBXGroup;
			children = (
				680FCD9219DF765F00FD3FA9 /* TrayiOSTests.m */,
				680FCD9019DF765F00FD3FA9 /* Supporting Files */,
			);
			path = TrayiOSTests;
			sourceTree = "<group>";
		};
		680FCD9019DF765F00FD3FA9 /* Supporting Files */ = {
			isa = PBXGroup;
			children = (
				680FCD9119DF765F00FD3FA9 /* Info.plist */,
			);
			name = "Supporting Files";
			sourceTree = "<group>";
		};
		68E2C7C119EBFFF20028B98A /* ActionExtension */ = {
			isa = PBXGroup;
			children = (
				68E2C7C419EBFFF20028B98A /* ActionRequestHandler.h */,
				68E2C7C519EBFFF20028B98A /* ActionRequestHandler.m */,
				68E2C7C719EBFFF20028B98A /* Action.js */,
				68E2C7C219EBFFF20028B98A /* Supporting Files */,
			);
			path = ActionExtension;
			sourceTree = "<group>";
		};
		68E2C7C219EBFFF20028B98A /* Supporting Files */ = {
			isa = PBXGroup;
			children = (
				68E2C7C319EBFFF20028B98A /* Info.plist */,
			);
			name = "Supporting Files";
			sourceTree = "<group>";
		};
		EA212B0FB5A527BEB5437219 /* Frameworks */ = {
			isa = PBXGroup;
			children = (
				11D6389A536A8ACBBC34FB10 /* libPods-TrayiOS.a */,
				433A178878116F0036DA7A36 /* libPods-TrayActionExtension.a */,
			);
			name = Frameworks;
			sourceTree = "<group>";
		};
/* End PBXGroup section */

/* Begin PBXNativeTarget section */
		680FCD7219DF765F00FD3FA9 /* TrayiOS */ = {
			isa = PBXNativeTarget;
			buildConfigurationList = 680FCD9619DF765F00FD3FA9 /* Build configuration list for PBXNativeTarget "TrayiOS" */;
			buildPhases = (
				2CFF7AF01FD824DCC14A46B1 /* Check Pods Manifest.lock */,
				680FCD6F19DF765F00FD3FA9 /* Sources */,
				680FCD7019DF765F00FD3FA9 /* Frameworks */,
				680FCD7119DF765F00FD3FA9 /* Resources */,
				5257A61C509112D2209BE709 /* Copy Pods Resources */,
				68E2C7D119EBFFF20028B98A /* Embed App Extensions */,
			);
			buildRules = (
			);
			dependencies = (
				68E2C7CA19EBFFF20028B98A /* PBXTargetDependency */,
				68E2C7CD19EBFFF20028B98A /* PBXTargetDependency */,
			);
			name = TrayiOS;
			productName = TrayiOS;
			productReference = 680FCD7319DF765F00FD3FA9 /* TrayiOS.app */;
			productType = "com.apple.product-type.application";
		};
		680FCD8B19DF765F00FD3FA9 /* TrayiOSTests */ = {
			isa = PBXNativeTarget;
			buildConfigurationList = 680FCD9919DF765F00FD3FA9 /* Build configuration list for PBXNativeTarget "TrayiOSTests" */;
			buildPhases = (
				680FCD8819DF765F00FD3FA9 /* Sources */,
				680FCD8919DF765F00FD3FA9 /* Frameworks */,
				680FCD8A19DF765F00FD3FA9 /* Resources */,
			);
			buildRules = (
			);
			dependencies = (
				680FCD8E19DF765F00FD3FA9 /* PBXTargetDependency */,
			);
			name = TrayiOSTests;
			productName = TrayiOSTests;
			productReference = 680FCD8C19DF765F00FD3FA9 /* TrayiOSTests.xctest */;
			productType = "com.apple.product-type.bundle.unit-test";
		};
		68E2C7BF19EBFFF20028B98A /* TrayActionExtension */ = {
			isa = PBXNativeTarget;
			buildConfigurationList = 68E2C7D019EBFFF20028B98A /* Build configuration list for PBXNativeTarget "TrayActionExtension" */;
			buildPhases = (
				6705C56D46A663C96C1DC1AB /* Check Pods Manifest.lock */,
				68E2C7BC19EBFFF20028B98A /* Sources */,
				68E2C7BD19EBFFF20028B98A /* Frameworks */,
				68E2C7BE19EBFFF20028B98A /* Resources */,
				CD80C644A2EDBCC76CF9789A /* Copy Pods Resources */,
			);
			buildRules = (
			);
			dependencies = (
			);
			name = TrayActionExtension;
			productName = ActionExtension;
			productReference = 68E2C7C019EBFFF20028B98A /* TrayActionExtension.appex */;
			productType = "com.apple.product-type.app-extension";
		};
/* End PBXNativeTarget section */

/* Begin PBXProject section */
		680FCD6B19DF765F00FD3FA9 /* Project object */ = {
			isa = PBXProject;
			attributes = {
				LastUpgradeCheck = 0600;
				TargetAttributes = {
					680FCD7219DF765F00FD3FA9 = {
						CreatedOnToolsVersion = 6.0.1;
						DevelopmentTeam = 25Q55V54PS;
						SystemCapabilities = {
							com.apple.ApplicationGroups.iOS = {
								enabled = 1;
							};
						};
					};
					680FCD8B19DF765F00FD3FA9 = {
						CreatedOnToolsVersion = 6.0.1;
						TestTargetID = 680FCD7219DF765F00FD3FA9;
					};
					68E2C7BF19EBFFF20028B98A = {
						CreatedOnToolsVersion = 6.0.1;
						DevelopmentTeam = 25Q55V54PS;
						SystemCapabilities = {
							com.apple.ApplicationGroups.iOS = {
								enabled = 1;
							};
						};
					};
				};
			};
			buildConfigurationList = 680FCD6E19DF765F00FD3FA9 /* Build configuration list for PBXProject "TrayiOS" */;
			compatibilityVersion = "Xcode 3.2";
			developmentRegion = English;
			hasScannedForEncodings = 0;
			knownRegions = (
				en,
				Base,
			);
			mainGroup = 680FCD6A19DF765F00FD3FA9;
			productRefGroup = 680FCD7419DF765F00FD3FA9 /* Products */;
			projectDirPath = "";
			projectRoot = "";
			targets = (
				680FCD7219DF765F00FD3FA9 /* TrayiOS */,
				68E2C7BF19EBFFF20028B98A /* TrayActionExtension */,
				680FCD8B19DF765F00FD3FA9 /* TrayiOSTests */,
			);
		};
/* End PBXProject section */

/* Begin PBXResourcesBuildPhase section */
		680FCD7119DF765F00FD3FA9 /* Resources */ = {
			isa = PBXResourcesBuildPhase;
			buildActionMask = 2147483647;
			files = (
				680FCD8419DF765F00FD3FA9 /* Images.xcassets in Resources */,
				680FCDA419DF993300FD3FA9 /* Default-568h@2x.png in Resources */,
			);
			runOnlyForDeploymentPostprocessing = 0;
		};
		680FCD8A19DF765F00FD3FA9 /* Resources */ = {
			isa = PBXResourcesBuildPhase;
			buildActionMask = 2147483647;
			files = (
			);
			runOnlyForDeploymentPostprocessing = 0;
		};
		68E2C7BE19EBFFF20028B98A /* Resources */ = {
			isa = PBXResourcesBuildPhase;
			buildActionMask = 2147483647;
			files = (
				68E2C7C819EBFFF20028B98A /* Action.js in Resources */,
			);
			runOnlyForDeploymentPostprocessing = 0;
		};
/* End PBXResourcesBuildPhase section */

/* Begin PBXShellScriptBuildPhase section */
		2CFF7AF01FD824DCC14A46B1 /* Check Pods Manifest.lock */ = {
			isa = PBXShellScriptBuildPhase;
			buildActionMask = 2147483647;
			files = (
			);
			inputPaths = (
			);
			name = "Check Pods Manifest.lock";
			outputPaths = (
			);
			runOnlyForDeploymentPostprocessing = 0;
			shellPath = /bin/sh;
			shellScript = "diff \"${PODS_ROOT}/../Podfile.lock\" \"${PODS_ROOT}/Manifest.lock\" > /dev/null\nif [[ $? != 0 ]] ; then\n    cat << EOM\nerror: The sandbox is not in sync with the Podfile.lock. Run 'pod install' or update your CocoaPods installation.\nEOM\n    exit 1\nfi\n";
			showEnvVarsInLog = 0;
		};
		5257A61C509112D2209BE709 /* Copy Pods Resources */ = {
			isa = PBXShellScriptBuildPhase;
			buildActionMask = 2147483647;
			files = (
			);
			inputPaths = (
			);
			name = "Copy Pods Resources";
			outputPaths = (
			);
			runOnlyForDeploymentPostprocessing = 0;
			shellPath = /bin/sh;
			shellScript = "\"${SRCROOT}/Pods/Target Support Files/Pods-TrayiOS/Pods-TrayiOS-resources.sh\"\n";
			showEnvVarsInLog = 0;
		};
		6705C56D46A663C96C1DC1AB /* Check Pods Manifest.lock */ = {
			isa = PBXShellScriptBuildPhase;
			buildActionMask = 2147483647;
			files = (
			);
			inputPaths = (
			);
			name = "Check Pods Manifest.lock";
			outputPaths = (
			);
			runOnlyForDeploymentPostprocessing = 0;
			shellPath = /bin/sh;
			shellScript = "diff \"${PODS_ROOT}/../Podfile.lock\" \"${PODS_ROOT}/Manifest.lock\" > /dev/null\nif [[ $? != 0 ]] ; then\n    cat << EOM\nerror: The sandbox is not in sync with the Podfile.lock. Run 'pod install' or update your CocoaPods installation.\nEOM\n    exit 1\nfi\n";
			showEnvVarsInLog = 0;
		};
		CD80C644A2EDBCC76CF9789A /* Copy Pods Resources */ = {
			isa = PBXShellScriptBuildPhase;
			buildActionMask = 2147483647;
			files = (
			);
			inputPaths = (
			);
			name = "Copy Pods Resources";
			outputPaths = (
			);
			runOnlyForDeploymentPostprocessing = 0;
			shellPath = /bin/sh;
			shellScript = "\"${SRCROOT}/Pods/Target Support Files/Pods-TrayActionExtension/Pods-TrayActionExtension-resources.sh\"\n";
			showEnvVarsInLog = 0;
		};
/* End PBXShellScriptBuildPhase section */

/* Begin PBXSourcesBuildPhase section */
		680FCD6F19DF765F00FD3FA9 /* Sources */ = {
			isa = PBXSourcesBuildPhase;
			buildActionMask = 2147483647;
			files = (
				680FCD7C19DF765F00FD3FA9 /* AppDelegate.m in Sources */,
				680FCD9E19DF782D00FD3FA9 /* TrayItemsViewController.m in Sources */,
				680FCD7919DF765F00FD3FA9 /* main.m in Sources */,
				680FCDA119DF8E3200FD3FA9 /* TrayModel.m in Sources */,
				68C6FCC419E8D4EF00BFBF0A /* TrayTextViewController.m in Sources */,
			);
			runOnlyForDeploymentPostprocessing = 0;
		};
		680FCD8819DF765F00FD3FA9 /* Sources */ = {
			isa = PBXSourcesBuildPhase;
			buildActionMask = 2147483647;
			files = (
				680FCD9319DF765F00FD3FA9 /* TrayiOSTests.m in Sources */,
			);
			runOnlyForDeploymentPostprocessing = 0;
		};
		68E2C7BC19EBFFF20028B98A /* Sources */ = {
			isa = PBXSourcesBuildPhase;
			buildActionMask = 2147483647;
			files = (
				68E2C7C619EBFFF20028B98A /* ActionRequestHandler.m in Sources */,
				68E2C7D219EC013B0028B98A /* TrayModel.m in Sources */,
			);
			runOnlyForDeploymentPostprocessing = 0;
		};
/* End PBXSourcesBuildPhase section */

/* Begin PBXTargetDependency section */
		680FCD8E19DF765F00FD3FA9 /* PBXTargetDependency */ = {
			isa = PBXTargetDependency;
			target = 680FCD7219DF765F00FD3FA9 /* TrayiOS */;
			targetProxy = 680FCD8D19DF765F00FD3FA9 /* PBXContainerItemProxy */;
		};
		68E2C7CA19EBFFF20028B98A /* PBXTargetDependency */ = {
			isa = PBXTargetDependency;
			target = 68E2C7BF19EBFFF20028B98A /* TrayActionExtension */;
			targetProxy = 68E2C7C919EBFFF20028B98A /* PBXContainerItemProxy */;
		};
		68E2C7CD19EBFFF20028B98A /* PBXTargetDependency */ = {
			isa = PBXTargetDependency;
			target = 68E2C7BF19EBFFF20028B98A /* TrayActionExtension */;
			targetProxy = 68E2C7CC19EBFFF20028B98A /* PBXContainerItemProxy */;
		};
/* End PBXTargetDependency section */

/* Begin XCBuildConfiguration section */
		680FCD9419DF765F00FD3FA9 /* Debug */ = {
			isa = XCBuildConfiguration;
			buildSettings = {
				ALWAYS_SEARCH_USER_PATHS = NO;
				CLANG_CXX_LANGUAGE_STANDARD = "gnu++0x";
				CLANG_CXX_LIBRARY = "libc++";
				CLANG_ENABLE_MODULES = YES;
				CLANG_ENABLE_OBJC_ARC = YES;
				CLANG_WARN_BOOL_CONVERSION = YES;
				CLANG_WARN_CONSTANT_CONVERSION = YES;
				CLANG_WARN_DIRECT_OBJC_ISA_USAGE = YES_ERROR;
				CLANG_WARN_EMPTY_BODY = YES;
				CLANG_WARN_ENUM_CONVERSION = YES;
				CLANG_WARN_INT_CONVERSION = YES;
				CLANG_WARN_OBJC_ROOT_CLASS = YES_ERROR;
				CLANG_WARN_UNREACHABLE_CODE = YES;
				CLANG_WARN__DUPLICATE_METHOD_MATCH = YES;
				"CODE_SIGN_IDENTITY[sdk=iphoneos*]" = "iPhone Developer";
				COPY_PHASE_STRIP = NO;
				ENABLE_STRICT_OBJC_MSGSEND = YES;
				GCC_C_LANGUAGE_STANDARD = gnu99;
				GCC_DYNAMIC_NO_PIC = NO;
				GCC_OPTIMIZATION_LEVEL = 0;
				GCC_PREPROCESSOR_DEFINITIONS = (
					"DEBUG=1",
					"$(inherited)",
				);
				GCC_SYMBOLS_PRIVATE_EXTERN = NO;
				GCC_WARN_64_TO_32_BIT_CONVERSION = YES;
				GCC_WARN_ABOUT_RETURN_TYPE = YES_ERROR;
				GCC_WARN_UNDECLARED_SELECTOR = YES;
				GCC_WARN_UNINITIALIZED_AUTOS = YES_AGGRESSIVE;
				GCC_WARN_UNUSED_FUNCTION = YES;
				GCC_WARN_UNUSED_VARIABLE = YES;
				IPHONEOS_DEPLOYMENT_TARGET = 8.0;
				MTL_ENABLE_DEBUG_INFO = YES;
				ONLY_ACTIVE_ARCH = YES;
				SDKROOT = iphoneos;
				TARGETED_DEVICE_FAMILY = "1,2";
			};
			name = Debug;
		};
		680FCD9519DF765F00FD3FA9 /* Release */ = {
			isa = XCBuildConfiguration;
			buildSettings = {
				ALWAYS_SEARCH_USER_PATHS = NO;
				CLANG_CXX_LANGUAGE_STANDARD = "gnu++0x";
				CLANG_CXX_LIBRARY = "libc++";
				CLANG_ENABLE_MODULES = YES;
				CLANG_ENABLE_OBJC_ARC = YES;
				CLANG_WARN_BOOL_CONVERSION = YES;
				CLANG_WARN_CONSTANT_CONVERSION = YES;
				CLANG_WARN_DIRECT_OBJC_ISA_USAGE = YES_ERROR;
				CLANG_WARN_EMPTY_BODY = YES;
				CLANG_WARN_ENUM_CONVERSION = YES;
				CLANG_WARN_INT_CONVERSION = YES;
				CLANG_WARN_OBJC_ROOT_CLASS = YES_ERROR;
				CLANG_WARN_UNREACHABLE_CODE = YES;
				CLANG_WARN__DUPLICATE_METHOD_MATCH = YES;
				"CODE_SIGN_IDENTITY[sdk=iphoneos*]" = "iPhone Developer";
				COPY_PHASE_STRIP = YES;
				ENABLE_NS_ASSERTIONS = NO;
				ENABLE_STRICT_OBJC_MSGSEND = YES;
				GCC_C_LANGUAGE_STANDARD = gnu99;
				GCC_WARN_64_TO_32_BIT_CONVERSION = YES;
				GCC_WARN_ABOUT_RETURN_TYPE = YES_ERROR;
				GCC_WARN_UNDECLARED_SELECTOR = YES;
				GCC_WARN_UNINITIALIZED_AUTOS = YES_AGGRESSIVE;
				GCC_WARN_UNUSED_FUNCTION = YES;
				GCC_WARN_UNUSED_VARIABLE = YES;
				IPHONEOS_DEPLOYMENT_TARGET = 8.0;
				MTL_ENABLE_DEBUG_INFO = NO;
				SDKROOT = iphoneos;
				TARGETED_DEVICE_FAMILY = "1,2";
				VALIDATE_PRODUCT = YES;
			};
			name = Release;
		};
		680FCD9719DF765F00FD3FA9 /* Debug */ = {
			isa = XCBuildConfiguration;
			baseConfigurationReference = EDC93E42F9AF380B4B48E1BA /* Pods-TrayiOS.debug.xcconfig */;
			buildSettings = {
				ASSETCATALOG_COMPILER_APPICON_NAME = AppIcon;
				CODE_SIGN_ENTITLEMENTS = TrayiOS/TrayiOS.entitlements;
				CODE_SIGN_IDENTITY = "iPhone Developer";
				"CODE_SIGN_IDENTITY[sdk=iphoneos*]" = "iPhone Developer";
				INFOPLIST_FILE = TrayiOS/Info.plist;
				LD_RUNPATH_SEARCH_PATHS = "$(inherited) @executable_path/Frameworks";
				PRODUCT_NAME = "$(TARGET_NAME)";
				PROVISIONING_PROFILE = "";
			};
			name = Debug;
		};
		680FCD9819DF765F00FD3FA9 /* Release */ = {
			isa = XCBuildConfiguration;
			baseConfigurationReference = EFE9F07D5795D60BFA8BA296 /* Pods-TrayiOS.release.xcconfig */;
			buildSettings = {
				ASSETCATALOG_COMPILER_APPICON_NAME = AppIcon;
				CODE_SIGN_ENTITLEMENTS = TrayiOS/TrayiOS.entitlements;
				CODE_SIGN_IDENTITY = "iPhone Developer";
				"CODE_SIGN_IDENTITY[sdk=iphoneos*]" = "iPhone Developer";
				INFOPLIST_FILE = TrayiOS/Info.plist;
				LD_RUNPATH_SEARCH_PATHS = "$(inherited) @executable_path/Frameworks";
				PRODUCT_NAME = "$(TARGET_NAME)";
				PROVISIONING_PROFILE = "";
			};
			name = Release;
		};
		680FCD9A19DF765F00FD3FA9 /* Debug */ = {
			isa = XCBuildConfiguration;
			buildSettings = {
				BUNDLE_LOADER = "$(TEST_HOST)";
				FRAMEWORK_SEARCH_PATHS = (
					"$(SDKROOT)/Developer/Library/Frameworks",
					"$(inherited)",
				);
				GCC_PREPROCESSOR_DEFINITIONS = (
					"DEBUG=1",
					"$(inherited)",
				);
				INFOPLIST_FILE = TrayiOSTests/Info.plist;
				LD_RUNPATH_SEARCH_PATHS = "$(inherited) @executable_path/Frameworks @loader_path/Frameworks";
				PRODUCT_NAME = "$(TARGET_NAME)";
				TEST_HOST = "$(BUILT_PRODUCTS_DIR)/TrayiOS.app/TrayiOS";
			};
			name = Debug;
		};
		680FCD9B19DF765F00FD3FA9 /* Release */ = {
			isa = XCBuildConfiguration;
			buildSettings = {
				BUNDLE_LOADER = "$(TEST_HOST)";
				FRAMEWORK_SEARCH_PATHS = (
					"$(SDKROOT)/Developer/Library/Frameworks",
					"$(inherited)",
				);
				INFOPLIST_FILE = TrayiOSTests/Info.plist;
				LD_RUNPATH_SEARCH_PATHS = "$(inherited) @executable_path/Frameworks @loader_path/Frameworks";
				PRODUCT_NAME = "$(TARGET_NAME)";
				TEST_HOST = "$(BUILT_PRODUCTS_DIR)/TrayiOS.app/TrayiOS";
			};
			name = Release;
		};
		68E2C7CE19EBFFF20028B98A /* Debug */ = {
			isa = XCBuildConfiguration;
			baseConfigurationReference = CE473D21DE3EBCACA0EDAF40 /* Pods-TrayActionExtension.debug.xcconfig */;
			buildSettings = {
				CODE_SIGN_ENTITLEMENTS = TrayActionExtension.entitlements;
				CODE_SIGN_IDENTITY = "iPhone Developer";
				"CODE_SIGN_IDENTITY[sdk=iphoneos*]" = "iPhone Developer";
				GCC_PREPROCESSOR_DEFINITIONS = (
					"DEBUG=1",
					"$(inherited)",
					"TARGET_EXTENSION=1",
				);
				INFOPLIST_FILE = ActionExtension/Info.plist;
				LD_RUNPATH_SEARCH_PATHS = "$(inherited) @executable_path/Frameworks @executable_path/../../Frameworks";
				PRODUCT_NAME = "$(TARGET_NAME)";
				PROVISIONING_PROFILE = "";
				SKIP_INSTALL = YES;
			};
			name = Debug;
		};
		68E2C7CF19EBFFF20028B98A /* Release */ = {
			isa = XCBuildConfiguration;
			baseConfigurationReference = 777AFCD859E50461CECE640D /* Pods-TrayActionExtension.release.xcconfig */;
			buildSettings = {
				CODE_SIGN_ENTITLEMENTS = TrayActionExtension.entitlements;
				CODE_SIGN_IDENTITY = "iPhone Developer";
				"CODE_SIGN_IDENTITY[sdk=iphoneos*]" = "iPhone Developer";
				GCC_PREPROCESSOR_DEFINITIONS = (
					"$(inherited)",
					"COCOAPODS=1",
					"TARGET_EXTENSION=1",
				);
				INFOPLIST_FILE = ActionExtension/Info.plist;
				LD_RUNPATH_SEARCH_PATHS = "$(inherited) @executable_path/Frameworks @executable_path/../../Frameworks";
				PRODUCT_NAME = "$(TARGET_NAME)";
				PROVISIONING_PROFILE = "";
				SKIP_INSTALL = YES;
			};
			name = Release;
		};
/* End XCBuildConfiguration section */

/* Begin XCConfigurationList section */
		680FCD6E19DF765F00FD3FA9 /* Build configuration list for PBXProject "TrayiOS" */ = {
			isa = XCConfigurationList;
			buildConfigurations = (
				680FCD9419DF765F00FD3FA9 /* Debug */,
				680FCD9519DF765F00FD3FA9 /* Release */,
			);
			defaultConfigurationIsVisible = 0;
			defaultConfigurationName = Release;
		};
		680FCD9619DF765F00FD3FA9 /* Build configuration list for PBXNativeTarget "TrayiOS" */ = {
			isa = XCConfigurationList;
			buildConfigurations = (
				680FCD9719DF765F00FD3FA9 /* Debug */,
				680FCD9819DF765F00FD3FA9 /* Release */,
			);
			defaultConfigurationIsVisible = 0;
			defaultConfigurationName = Release;
		};
		680FCD9919DF765F00FD3FA9 /* Build configuration list for PBXNativeTarget "TrayiOSTests" */ = {
			isa = XCConfigurationList;
			buildConfigurations = (
				680FCD9A19DF765F00FD3FA9 /* Debug */,
				680FCD9B19DF765F00FD3FA9 /* Release */,
			);
			defaultConfigurationIsVisible = 0;
			defaultConfigurationName = Release;
		};
		68E2C7D019EBFFF20028B98A /* Build configuration list for PBXNativeTarget "TrayActionExtension" */ = {
			isa = XCConfigurationList;
			buildConfigurations = (
				68E2C7CE19EBFFF20028B98A /* Debug */,
				68E2C7CF19EBFFF20028B98A /* Release */,
			);
			defaultConfigurationIsVisible = 0;
			defaultConfigurationName = Release;
		};
/* End XCConfigurationList section */
	};
	rootObject = 680FCD6B19DF765F00FD3FA9 /* Project object */;
}
